
Microsoft Visual Studio Solution File, Format Version 12.00
# Visual Studio Version 17
VisualStudioVersion = 17.4.33205.214
MinimumVisualStudioVersion = 10.0.40219.1
Project("{FAE04EC0-301F-11D3-BF4B-00C04F79EFBC}") = "WMS_backend", "WMS_backend.csproj", "{C10E770E-D95C-42C2-8A1E-180308673984}"
EndProject
Global
	GlobalSection(SolutionConfigurationPlatforms) = preSolution
		Debug|Any CPU = Debug|Any CPU
		Release|Any CPU = Release|Any CPU
	EndGlobalSection
	GlobalSection(ProjectConfigurationPlatforms) = postSolution
		{C10E770E-D95C-42C2-8A1E-180308673984}.Debug|Any CPU.ActiveCfg = Debug|Any CPU
		{C10E770E-D95C-42C2-8A1E-180308673984}.Debug|Any CPU.Build.0 = Debug|Any CPU
		{C10E770E-D95C-42C2-8A1E-180308673984}.Release|Any CPU.ActiveCfg = Release|Any CPU
		{C10E770E-D95C-42C2-8A1E-180308673984}.Release|Any CPU.Build.0 = Release|Any CPU
	EndGlobalSection
	GlobalSection(SolutionProperties) = preSolution
		HideSolutionNode = FALSE
	EndGlobalSection
	GlobalSection(ExtensibilityGlobals) = postSolution
		SolutionGuid = {4A1DDEB2-5586-40C9-A8AE-FC1AF52004AF}
	EndGlobalSection
EndGlobal
